
Microsoft Visual Studio Solution File, Format Version 12.00
# Visual Studio Version 17
VisualStudioVersion = 17.14.37411.7 d17.14
MinimumVisualStudioVersion = 10.0.40219.1
Project("{FAE04EC0-301F-11D3-BF4B-00C04F79EFBC}") = "Oppora.API", "Oppora.API\Oppora.API.csproj", "{18AAF90E-2572-4434-9BFF-5B8FD2C56F47}"
EndProject
Global
	GlobalSection(SolutionConfigurationPlatforms) = preSolution
		Debug|Any CPU = Debug|Any CPU
		Release|Any CPU = Release|Any CPU
	EndGlobalSection
	GlobalSection(ProjectConfigurationPlatforms) = postSolution
		{18AAF90E-2572-4434-9BFF-5B8FD2C56F47}.Debug|Any CPU.ActiveCfg = Debug|Any CPU
		{18AAF90E-2572-4434-9BFF-5B8FD2C56F47}.Debug|Any CPU.Build.0 = Debug|Any CPU
		{18AAF90E-2572-4434-9BFF-5B8FD2C56F47}.Release|Any CPU.ActiveCfg = Release|Any CPU
		{18AAF90E-2572-4434-9BFF-5B8FD2C56F47}.Release|Any CPU.Build.0 = Release|Any CPU
	EndGlobalSection
	GlobalSection(SolutionProperties) = preSolution
		HideSolutionNode = FALSE
	EndGlobalSection
	GlobalSection(ExtensibilityGlobals) = postSolution
		SolutionGuid = {1C36681B-BC5D-4949-8DE2-B04E6C6034A2}
	EndGlobalSection
EndGlobal
